{
  "name": "format-powiainanum",
  "lockfileVersion": 2,
  "requires": true,
  "packages": {
    "": {
      "dependencies": {
        "powiaina_num.js": "^0.1.4"
      }
    },
    "node_modules/powiaina_num.js": {
      "version": "0.1.4",
      "resolved": "https://registry.npmjs.org/powiaina_num.js/-/powiaina_num.js-0.1.4.tgz",
      "integrity": "sha512-KolHu53EA8OzAtCD7cgTshTj9G3RJ+jnLgdqRz/acM0/HPjFC26eIeb8Z7G+ZX+7fl1IoMO8b4tUbFLcFHoqlQ=="
    }
  },
  "dependencies": {
    "powiaina_num.js": {
      "version": "0.1.4",
      "resolved": "https://registry.npmjs.org/powiaina_num.js/-/powiaina_num.js-0.1.4.tgz",
      "integrity": "sha512-KolHu53EA8OzAtCD7cgTshTj9G3RJ+jnLgdqRz/acM0/HPjFC26eIeb8Z7G+ZX+7fl1IoMO8b4tUbFLcFHoqlQ=="
    }
  }
}
